<?xml version="1.0" encoding="utf-8"?>
<Project ToolsVersion="4.0" xmlns="http://schemas.microsoft.com/developer/msbuild/2003">
  <ItemGroup>
    <ClInclude Include="PreCompile.h">
      <Filter>00_PreCompile</Filter>
    </ClInclude>
    <ClInclude Include="PlayGameMode.h">
      <Filter>02_GameMode</Filter>
    </ClInclude>
    <ClInclude Include="ContentsCore.h">
      <Filter>01_Core</Filter>
    </ClInclude>
    <ClInclude Include="Player.h">
      <Filter>03_Global</Filter>
    </ClInclude>
    <ClInclude Include="Room.h">
      <Filter>04_Play</Filter>
    </ClInclude>
    <ClInclude Include="Global.h">
      <Filter>03_Global</Filter>
    </ClInclude>
    <ClInclude Include="TitleGameMode.h">
      <Filter>02_GameMode</Filter>
    </ClInclude>
    <ClInclude Include="TitleScene.h">
      <Filter>05_Title</Filter>
    </ClInclude>
    <ClInclude Include="ContentsEnum.h">
      <Filter>03_Global</Filter>
    </ClInclude>
    <ClInclude Include="PickupNumberUI.h">
      <Filter>04_Play\UI</Filter>
    </ClInclude>
    <ClInclude Include="HeartUI.h">
      <Filter>04_Play\UI</Filter>
    </ClInclude>
    <ClInclude Include="PickupItemUI.h">
      <Filter>04_Play\UI</Filter>
    </ClInclude>
    <ClInclude Include="BannerTextUI.h">
      <Filter>04_Play\UI</Filter>
    </ClInclude>
    <ClInclude Include="Monster.h">
      <Filter>04_Play\Monster</Filter>
    </ClInclude>
    <ClInclude Include="LoadingScene.h">
      <Filter>04_Play\Scene</Filter>
    </ClInclude>
    <ClInclude Include="Fade.h">
      <Filter>04_Play\Scene</Filter>
    </ClInclude>
    <ClInclude Include="MenuScene.h">
      <Filter>04_Play\Scene</Filter>
    </ClInclude>
    <ClInclude Include="DeathReportScene.h">
      <Filter>04_Play\Scene</Filter>
    </ClInclude>
    <ClInclude Include="AttackFly.h">
      <Filter>04_Play\Monster</Filter>
    </ClInclude>
    <ClInclude Include="Fly.h">
      <Filter>04_Play\Monster</Filter>
    </ClInclude>
    <ClInclude Include="Hopper.h">
      <Filter>04_Play\Monster</Filter>
    </ClInclude>
    <ClInclude Include="Host.h">
      <Filter>04_Play\Monster</Filter>
    </ClInclude>
    <ClInclude Include="Dip.h">
      <Filter>04_Play\Monster</Filter>
    </ClInclude>
    <ClInclude Include="Pooter.h">
      <Filter>04_Play\Monster</Filter>
    </ClInclude>
    <ClInclude Include="TheDukeOfFlies.h">
      <Filter>04_Play\Monster</Filter>
    </ClInclude>
    <ClInclude Include="RoomObject.h">
      <Filter>04_Play\MapObject</Filter>
    </ClInclude>
    <ClInclude Include="Rock.h">
      <Filter>04_Play\MapObject</Filter>
    </ClInclude>
    <ClInclude Include="Poop.h">
      <Filter>04_Play\MapObject</Filter>
    </ClInclude>
    <ClInclude Include="Fire.h">
      <Filter>04_Play\MapObject</Filter>
    </ClInclude>
    <ClInclude Include="Item.h">
      <Filter>04_Play\Item</Filter>
    </ClInclude>
    <ClInclude Include="DecalObject.h">
      <Filter>04_Play\MapObject</Filter>
    </ClInclude>
    <ClInclude Include="Heart.h">
      <Filter>04_Play\Item\Pickup</Filter>
    </ClInclude>
    <ClInclude Include="Bomb.h">
      <Filter>04_Play\Item\Pickup</Filter>
    </ClInclude>
    <ClInclude Include="Penny.h">
      <Filter>04_Play\Item\Pickup</Filter>
    </ClInclude>
    <ClInclude Include="Key.h">
      <Filter>04_Play\Item\Pickup</Filter>
    </ClInclude>
    <ClInclude Include="Polyphemus.h">
      <Filter>04_Play\Item\Passive</Filter>
    </ClInclude>
    <ClInclude Include="CrecketsHead.h">
      <Filter>04_Play\Item\Passive</Filter>
    </ClInclude>
    <ClInclude Include="Dessert.h">
      <Filter>04_Play\Item\Passive</Filter>
    </ClInclude>
    <ClInclude Include="BossHpBar.h">
      <Filter>04_Play\UI</Filter>
    </ClInclude>
    <ClInclude Include="BossIntroScene.h">
      <Filter>04_Play\Scene</Filter>
    </ClInclude>
    <ClInclude Include="Tear.h">
      <Filter>04_Play\Tear</Filter>
    </ClInclude>
    <ClInclude Include="BloodTear.h">
      <Filter>04_Play\Tear</Filter>
    </ClInclude>
    <ClInclude Include="InnerEye.h">
      <Filter>04_Play\Item\Passive</Filter>
    </ClInclude>
    <ClInclude Include="SpoonBender.h">
      <Filter>04_Play\Item\Passive</Filter>
    </ClInclude>
    <ClInclude Include="SpeedBall.h">
      <Filter>04_Play\Item\Passive</Filter>
    </ClInclude>
    <ClInclude Include="NumberOne.h">
      <Filter>04_Play\Item\Passive</Filter>
    </ClInclude>
    <ClInclude Include="MetalBlock.h">
      <Filter>04_Play\MapObject</Filter>
    </ClInclude>
    <ClInclude Include="ItemAlter.h">
      <Filter>04_Play\MapObject</Filter>
    </ClInclude>
    <ClInclude Include="GridPit.h">
      <Filter>04_Play\MapObject</Filter>
    </ClInclude>
    <ClInclude Include="Mulligan.h">
      <Filter>04_Play\Monster</Filter>
    </ClInclude>
    <ClInclude Include="Mulligoon.h">
      <Filter>04_Play\Monster</Filter>
    </ClInclude>
    <ClInclude Include="Horf.h">
      <Filter>04_Play\Monster</Filter>
    </ClInclude>
  </ItemGroup>
  <ItemGroup>
    <ClCompile Include="PreCompile.cpp">
      <Filter>00_PreCompile</Filter>
    </ClCompile>
    <ClCompile Include="PlayGameMode.cpp">
      <Filter>02_GameMode</Filter>
    </ClCompile>
    <ClCompile Include="ContentsCore.cpp">
      <Filter>01_Core</Filter>
    </ClCompile>
    <ClCompile Include="Player.cpp">
      <Filter>03_Global</Filter>
    </ClCompile>
    <ClCompile Include="Room.cpp">
      <Filter>04_Play</Filter>
    </ClCompile>
    <ClCompile Include="Global.cpp">
      <Filter>03_Global</Filter>
    </ClCompile>
    <ClCompile Include="TitleGameMode.cpp">
      <Filter>02_GameMode</Filter>
    </ClCompile>
    <ClCompile Include="TitleScene.cpp">
      <Filter>05_Title</Filter>
    </ClCompile>
    <ClCompile Include="ContentsEnum.cpp">
      <Filter>03_Global</Filter>
    </ClCompile>
    <ClCompile Include="PickupNumberUI.cpp">
      <Filter>04_Play\UI</Filter>
    </ClCompile>
    <ClCompile Include="HeartUI.cpp">
      <Filter>04_Play\UI</Filter>
    </ClCompile>
    <ClCompile Include="PickupItemUI.cpp">
      <Filter>04_Play\UI</Filter>
    </ClCompile>
    <ClCompile Include="BannerTextUI.cpp">
      <Filter>04_Play\UI</Filter>
    </ClCompile>
    <ClCompile Include="Monster.cpp">
      <Filter>04_Play\Monster</Filter>
    </ClCompile>
    <ClCompile Include="LoadingScene.cpp">
      <Filter>04_Play\Scene</Filter>
    </ClCompile>
    <ClCompile Include="Fade.cpp">
      <Filter>04_Play\Scene</Filter>
    </ClCompile>
    <ClCompile Include="MenuScene.cpp">
      <Filter>04_Play\Scene</Filter>
    </ClCompile>
    <ClCompile Include="DeathReportScene.cpp">
      <Filter>04_Play\Scene</Filter>
    </ClCompile>
    <ClCompile Include="AttackFly.cpp">
      <Filter>04_Play\Monster</Filter>
    </ClCompile>
    <ClCompile Include="Fly.cpp">
      <Filter>04_Play\Monster</Filter>
    </ClCompile>
    <ClCompile Include="Hopper.cpp">
      <Filter>04_Play\Monster</Filter>
    </ClCompile>
    <ClCompile Include="Host.cpp">
      <Filter>04_Play\Monster</Filter>
    </ClCompile>
    <ClCompile Include="Dip.cpp">
      <Filter>04_Play\Monster</Filter>
    </ClCompile>
    <ClCompile Include="Pooter.cpp">
      <Filter>04_Play\Monster</Filter>
    </ClCompile>
    <ClCompile Include="TheDukeOfFlies.cpp">
      <Filter>04_Play\Monster</Filter>
    </ClCompile>
    <ClCompile Include="RoomObject.cpp">
      <Filter>04_Play\MapObject</Filter>
    </ClCompile>
    <ClCompile Include="Rock.cpp">
      <Filter>04_Play\MapObject</Filter>
    </ClCompile>
    <ClCompile Include="Poop.cpp">
      <Filter>04_Play\MapObject</Filter>
    </ClCompile>
    <ClCompile Include="Fire.cpp">
      <Filter>04_Play\MapObject</Filter>
    </ClCompile>
    <ClCompile Include="Item.cpp">
      <Filter>04_Play\Item</Filter>
    </ClCompile>
    <ClCompile Include="DecalObject.cpp">
      <Filter>04_Play\MapObject</Filter>
    </ClCompile>
    <ClCompile Include="Heart.cpp">
      <Filter>04_Play\Item\Pickup</Filter>
    </ClCompile>
    <ClCompile Include="Bomb.cpp">
      <Filter>04_Play\Item\Pickup</Filter>
    </ClCompile>
    <ClCompile Include="Penny.cpp">
      <Filter>04_Play\Item\Pickup</Filter>
    </ClCompile>
    <ClCompile Include="Key.cpp">
      <Filter>04_Play\Item\Pickup</Filter>
    </ClCompile>
    <ClCompile Include="CrecketsHead.cpp">
      <Filter>04_Play\Item\Passive</Filter>
    </ClCompile>
    <ClCompile Include="Polyphemus.cpp">
      <Filter>04_Play\Item\Passive</Filter>
    </ClCompile>
    <ClCompile Include="Dessert.cpp">
      <Filter>04_Play\Item\Passive</Filter>
    </ClCompile>
    <ClCompile Include="BossHpBar.cpp">
      <Filter>04_Play\UI</Filter>
    </ClCompile>
    <ClCompile Include="BossIntroScene.cpp">
      <Filter>04_Play\Scene</Filter>
    </ClCompile>
    <ClCompile Include="BloodTear.cpp">
      <Filter>04_Play\Tear</Filter>
    </ClCompile>
    <ClCompile Include="Tear.cpp">
      <Filter>04_Play\Tear</Filter>
    </ClCompile>
    <ClCompile Include="InnerEye.cpp">
      <Filter>04_Play\Item\Passive</Filter>
    </ClCompile>
    <ClCompile Include="SpoonBender.cpp">
      <Filter>04_Play\Item\Passive</Filter>
    </ClCompile>
    <ClCompile Include="SpeedBall.cpp">
      <Filter>04_Play\Item\Passive</Filter>
    </ClCompile>
    <ClCompile Include="NumberOne.cpp">
      <Filter>04_Play\Item\Passive</Filter>
    </ClCompile>
    <ClCompile Include="MetalBlock.cpp">
      <Filter>04_Play\MapObject</Filter>
    </ClCompile>
    <ClCompile Include="ItemAlter.cpp">
      <Filter>04_Play\MapObject</Filter>
    </ClCompile>
    <ClCompile Include="GridPit.cpp">
      <Filter>04_Play\MapObject</Filter>
    </ClCompile>
    <ClCompile Include="Mulligan.cpp">
      <Filter>04_Play\Monster</Filter>
    </ClCompile>
    <ClCompile Include="Mulligoon.cpp">
      <Filter>04_Play\Monster</Filter>
    </ClCompile>
    <ClCompile Include="Horf.cpp">
      <Filter>04_Play\Monster</Filter>
    </ClCompile>
  </ItemGroup>
  <ItemGroup>
    <Filter Include="00_PreCompile">
      <UniqueIdentifier>{95e63637-c58b-41a6-9b12-de93b264b045}</UniqueIdentifier>
    </Filter>
    <Filter Include="01_Core">
      <UniqueIdentifier>{97b010e1-9c4d-453f-a487-043b33e7fea3}</UniqueIdentifier>
    </Filter>
    <Filter Include="02_GameMode">
      <UniqueIdentifier>{43dc0062-0f27-4a2f-9179-1c6fb089c4e8}</UniqueIdentifier>
    </Filter>
    <Filter Include="03_Global">
      <UniqueIdentifier>{956971ea-0454-4048-b8ea-d4e7bbd1825b}</UniqueIdentifier>
    </Filter>
    <Filter Include="04_Play">
      <UniqueIdentifier>{6dfcefa1-122c-4926-907e-1e8189ea5436}</UniqueIdentifier>
    </Filter>
    <Filter Include="05_Title">
      <UniqueIdentifier>{914c6b2b-b9ce-41fc-a2bf-cd28f0a76036}</UniqueIdentifier>
    </Filter>
    <Filter Include="04_Play\UI">
      <UniqueIdentifier>{be45ae7b-5a03-47c4-85c9-ec736d1b76b1}</UniqueIdentifier>
    </Filter>
    <Filter Include="04_Play\Monster">
      <UniqueIdentifier>{4b30e55e-31b8-48c5-b6e9-0684ca68c45e}</UniqueIdentifier>
    </Filter>
    <Filter Include="04_Play\Scene">
      <UniqueIdentifier>{4f7444ed-0369-40dc-8868-00b5695febeb}</UniqueIdentifier>
    </Filter>
    <Filter Include="04_Play\MapObject">
      <UniqueIdentifier>{2b4acc0d-735a-4473-bbd3-e0080690c4ad}</UniqueIdentifier>
    </Filter>
    <Filter Include="04_Play\Item">
      <UniqueIdentifier>{e19eb775-bf14-495f-bba7-dd37a1d94fca}</UniqueIdentifier>
    </Filter>
    <Filter Include="04_Play\Item\Pickup">
      <UniqueIdentifier>{079671b1-8a15-491e-904a-a758f86c03c7}</UniqueIdentifier>
    </Filter>
    <Filter Include="04_Play\Item\Passive">
      <UniqueIdentifier>{88ee54ce-f73a-4517-b1e7-ff3089954e55}</UniqueIdentifier>
    </Filter>
    <Filter Include="04_Play\Tear">
      <UniqueIdentifier>{394d927e-3013-4022-9cb3-fa9ffdec5996}</UniqueIdentifier>
    </Filter>
  </ItemGroup>
</Project>