
Microsoft Visual Studio Solution File, Format Version 12.00
# Visual Studio Version 17
VisualStudioVersion = 17.11.35327.3
MinimumVisualStudioVersion = 10.0.40219.1
Project("{2150E333-8FDC-42A3-9474-1A3956D46DE8}") = "00_Base", "00_Base", "{A9A30C98-C0AC-4A5D-BFC6-C5A30EB0AD99}"
EndProject
Project("{2150E333-8FDC-42A3-9474-1A3956D46DE8}") = "01_OS", "01_OS", "{4C8FAE06-7782-4EEF-9FDB-CF7D795A6FA9}"
EndProject
Project("{2150E333-8FDC-42A3-9474-1A3956D46DE8}") = "02_Engine", "02_Engine", "{D8B3BA53-3CCF-4194-872E-F6F5967C025E}"
EndProject
Project("{2150E333-8FDC-42A3-9474-1A3956D46DE8}") = "03_Contents", "03_Contents", "{968BADF3-149E-437A-BF66-2D41F7ACBE45}"
EndProject
Project("{2150E333-8FDC-42A3-9474-1A3956D46DE8}") = "04_App", "04_App", "{3F7604F6-D1F5-4C44-9CBB-05ADF0CC13F2}"
EndProject
Project("{8BC9CEB8-8B4A-11D0-8D11-00A0C91BC942}") = "EnginePlatform", "EnginePlatform\EnginePlatform.vcxproj", "{371D62F3-5B9C-4CA5-87DE-A64AC526BA21}"
EndProject
Project("{8BC9CEB8-8B4A-11D0-8D11-00A0C91BC942}") = "EngineCore", "EngineCore\EngineCore.vcxproj", "{94CE29EA-85BE-4252-8808-A95AB0BC21FE}"
EndProject
Project("{8BC9CEB8-8B4A-11D0-8D11-00A0C91BC942}") = "ContentsProject", "ContentsProject\ContentsProject.vcxproj", "{D9857F9F-FD41-4ED0-A35E-1132FEF4CBC0}"
EndProject
Project("{8BC9CEB8-8B4A-11D0-8D11-00A0C91BC942}") = "App", "App\App.vcxproj", "{926AE828-ABEE-4896-8070-27A98E147F3A}"
EndProject
Project("{8BC9CEB8-8B4A-11D0-8D11-00A0C91BC942}") = "EngineBase", "EngineBase\EngineBase.vcxproj", "{47E3AAD8-CC6C-46C3-86C8-B7CA1A81DA66}"
EndProject
Global
	GlobalSection(SolutionConfigurationPlatforms) = preSolution
		Debug|x64 = Debug|x64
		Debug|x86 = Debug|x86
		Release|x64 = Release|x64
		Release|x86 = Release|x86
	EndGlobalSection
	GlobalSection(ProjectConfigurationPlatforms) = postSolution
		{371D62F3-5B9C-4CA5-87DE-A64AC526BA21}.Debug|x64.ActiveCfg = Debug|x64
		{371D62F3-5B9C-4CA5-87DE-A64AC526BA21}.Debug|x64.Build.0 = Debug|x64
		{371D62F3-5B9C-4CA5-87DE-A64AC526BA21}.Debug|x86.ActiveCfg = Debug|Win32
		{371D62F3-5B9C-4CA5-87DE-A64AC526BA21}.Debug|x86.Build.0 = Debug|Win32
		{371D62F3-5B9C-4CA5-87DE-A64AC526BA21}.Release|x64.ActiveCfg = Release|x64
		{371D62F3-5B9C-4CA5-87DE-A64AC526BA21}.Release|x64.Build.0 = Release|x64
		{371D62F3-5B9C-4CA5-87DE-A64AC526BA21}.Release|x86.ActiveCfg = Release|Win32
		{371D62F3-5B9C-4CA5-87DE-A64AC526BA21}.Release|x86.Build.0 = Release|Win32
		{94CE29EA-85BE-4252-8808-A95AB0BC21FE}.Debug|x64.ActiveCfg = Debug|x64
		{94CE29EA-85BE-4252-8808-A95AB0BC21FE}.Debug|x64.Build.0 = Debug|x64
		{94CE29EA-85BE-4252-8808-A95AB0BC21FE}.Debug|x86.ActiveCfg = Debug|Win32
		{94CE29EA-85BE-4252-8808-A95AB0BC21FE}.Debug|x86.Build.0 = Debug|Win32
		{94CE29EA-85BE-4252-8808-A95AB0BC21FE}.Release|x64.ActiveCfg = Release|x64
		{94CE29EA-85BE-4252-8808-A95AB0BC21FE}.Release|x64.Build.0 = Release|x64
		{94CE29EA-85BE-4252-8808-A95AB0BC21FE}.Release|x86.ActiveCfg = Release|Win32
		{94CE29EA-85BE-4252-8808-A95AB0BC21FE}.Release|x86.Build.0 = Release|Win32
		{D9857F9F-FD41-4ED0-A35E-1132FEF4CBC0}.Debug|x64.ActiveCfg = Debug|x64
		{D9857F9F-FD41-4ED0-A35E-1132FEF4CBC0}.Debug|x64.Build.0 = Debug|x64
		{D9857F9F-FD41-4ED0-A35E-1132FEF4CBC0}.Debug|x86.ActiveCfg = Debug|Win32
		{D9857F9F-FD41-4ED0-A35E-1132FEF4CBC0}.Debug|x86.Build.0 = Debug|Win32
		{D9857F9F-FD41-4ED0-A35E-1132FEF4CBC0}.Release|x64.ActiveCfg = Release|x64
		{D9857F9F-FD41-4ED0-A35E-1132FEF4CBC0}.Release|x64.Build.0 = Release|x64
		{D9857F9F-FD41-4ED0-A35E-1132FEF4CBC0}.Release|x86.ActiveCfg = Release|Win32
		{D9857F9F-FD41-4ED0-A35E-1132FEF4CBC0}.Release|x86.Build.0 = Release|Win32
		{926AE828-ABEE-4896-8070-27A98E147F3A}.Debug|x64.ActiveCfg = Debug|x64
		{926AE828-ABEE-4896-8070-27A98E147F3A}.Debug|x64.Build.0 = Debug|x64
		{926AE828-ABEE-4896-8070-27A98E147F3A}.Debug|x86.ActiveCfg = Debug|Win32
		{926AE828-ABEE-4896-8070-27A98E147F3A}.Debug|x86.Build.0 = Debug|Win32
		{926AE828-ABEE-4896-8070-27A98E147F3A}.Release|x64.ActiveCfg = Release|x64
		{926AE828-ABEE-4896-8070-27A98E147F3A}.Release|x64.Build.0 = Release|x64
		{926AE828-ABEE-4896-8070-27A98E147F3A}.Release|x86.ActiveCfg = Release|Win32
		{926AE828-ABEE-4896-8070-27A98E147F3A}.Release|x86.Build.0 = Release|Win32
		{47E3AAD8-CC6C-46C3-86C8-B7CA1A81DA66}.Debug|x64.ActiveCfg = Debug|x64
		{47E3AAD8-CC6C-46C3-86C8-B7CA1A81DA66}.Debug|x64.Build.0 = Debug|x64
		{47E3AAD8-CC6C-46C3-86C8-B7CA1A81DA66}.Debug|x86.ActiveCfg = Debug|Win32
		{47E3AAD8-CC6C-46C3-86C8-B7CA1A81DA66}.Debug|x86.Build.0 = Debug|Win32
		{47E3AAD8-CC6C-46C3-86C8-B7CA1A81DA66}.Release|x64.ActiveCfg = Release|x64
		{47E3AAD8-CC6C-46C3-86C8-B7CA1A81DA66}.Release|x64.Build.0 = Release|x64
		{47E3AAD8-CC6C-46C3-86C8-B7CA1A81DA66}.Release|x86.ActiveCfg = Release|Win32
		{47E3AAD8-CC6C-46C3-86C8-B7CA1A81DA66}.Release|x86.Build.0 = Release|Win32
	EndGlobalSection
	GlobalSection(SolutionProperties) = preSolution
		HideSolutionNode = FALSE
	EndGlobalSection
	GlobalSection(NestedProjects) = preSolution
		{371D62F3-5B9C-4CA5-87DE-A64AC526BA21} = {4C8FAE06-7782-4EEF-9FDB-CF7D795A6FA9}
		{94CE29EA-85BE-4252-8808-A95AB0BC21FE} = {D8B3BA53-3CCF-4194-872E-F6F5967C025E}
		{D9857F9F-FD41-4ED0-A35E-1132FEF4CBC0} = {968BADF3-149E-437A-BF66-2D41F7ACBE45}
		{926AE828-ABEE-4896-8070-27A98E147F3A} = {3F7604F6-D1F5-4C44-9CBB-05ADF0CC13F2}
		{47E3AAD8-CC6C-46C3-86C8-B7CA1A81DA66} = {A9A30C98-C0AC-4A5D-BFC6-C5A30EB0AD99}
	EndGlobalSection
	GlobalSection(ExtensibilityGlobals) = postSolution
		SolutionGuid = {A121CFA6-1817-4E55-81C4-107408F76D7D}
	EndGlobalSection
EndGlobal
