<?xml version="1.0" encoding="utf-8"?>
<Project ToolsVersion="4.0" xmlns="http://schemas.microsoft.com/developer/msbuild/2003">
  <ItemGroup>
    <ClInclude Include="EngineWindow.h">
      <Filter>01_Window</Filter>
    </ClInclude>
    <ClInclude Include="PreCompile.h">
      <Filter>00_PreCompile</Filter>
    </ClInclude>
    <ClInclude Include="EngineInput.h">
      <Filter>02_Input</Filter>
    </ClInclude>
    <ClInclude Include="EngineWinImage.h" />
  </ItemGroup>
  <ItemGroup>
    <ClCompile Include="EngineWindow.cpp">
      <Filter>01_Window</Filter>
    </ClCompile>
    <ClCompile Include="PreCompile.cpp">
      <Filter>00_PreCompile</Filter>
    </ClCompile>
    <ClCompile Include="EngineInput.cpp">
      <Filter>02_Input</Filter>
    </ClCompile>
    <ClCompile Include="EngineWinImage.cpp" />
  </ItemGroup>
  <ItemGroup>
    <Filter Include="00_PreCompile">
      <UniqueIdentifier>{1de720ff-b01f-403f-a03f-24c8bedc876f}</UniqueIdentifier>
    </Filter>
    <Filter Include="01_Window">
      <UniqueIdentifier>{edcab772-a599-46f9-b9ca-2c2e8a2d9034}</UniqueIdentifier>
    </Filter>
    <Filter Include="02_Input">
      <UniqueIdentifier>{ec240fbb-f6ba-4ee6-a886-bd32b6aca8ea}</UniqueIdentifier>
    </Filter>
  </ItemGroup>
</Project>