<?xml version="1.0" encoding="utf-8"?>
<Project ToolsVersion="4.0" xmlns="http://schemas.microsoft.com/developer/msbuild/2003">
  <ItemGroup>
    <ClInclude Include="EngineWindow.h">
      <Filter>02_Window</Filter>
    </ClInclude>
    <ClInclude Include="PreCompile.h">
      <Filter>00_PreCompile</Filter>
    </ClInclude>
    <ClInclude Include="EngineInput.h">
      <Filter>03_Input</Filter>
    </ClInclude>
    <ClInclude Include="EngineWinDebug.h">
      <Filter>01_Debug</Filter>
    </ClInclude>
    <ClInclude Include="EngineWinImage.h">
      <Filter>04_Resource</Filter>
    </ClInclude>
    <ClInclude Include="ThirdParty\FMOD\inc\fmod.h">
      <Filter>05_ThirdParty\FMOD\Inc</Filter>
    </ClInclude>
    <ClInclude Include="ThirdParty\FMOD\inc\fmod.hpp">
      <Filter>05_ThirdParty\FMOD\Inc</Filter>
    </ClInclude>
    <ClInclude Include="ThirdParty\FMOD\inc\fmod_codec.h">
      <Filter>05_ThirdParty\FMOD\Inc</Filter>
    </ClInclude>
    <ClInclude Include="ThirdParty\FMOD\inc\fmod_common.h">
      <Filter>05_ThirdParty\FMOD\Inc</Filter>
    </ClInclude>
    <ClInclude Include="ThirdParty\FMOD\inc\fmod_dsp.h">
      <Filter>05_ThirdParty\FMOD\Inc</Filter>
    </ClInclude>
    <ClInclude Include="ThirdParty\FMOD\inc\fmod_dsp_effects.h">
      <Filter>05_ThirdParty\FMOD\Inc</Filter>
    </ClInclude>
    <ClInclude Include="ThirdParty\FMOD\inc\fmod_errors.h">
      <Filter>05_ThirdParty\FMOD\Inc</Filter>
    </ClInclude>
    <ClInclude Include="ThirdParty\FMOD\inc\fmod_output.h">
      <Filter>05_ThirdParty\FMOD\Inc</Filter>
    </ClInclude>
    <ClInclude Include="EngineSound.h">
      <Filter>04_Resource</Filter>
    </ClInclude>
  </ItemGroup>
  <ItemGroup>
    <ClCompile Include="EngineWindow.cpp">
      <Filter>02_Window</Filter>
    </ClCompile>
    <ClCompile Include="PreCompile.cpp">
      <Filter>00_PreCompile</Filter>
    </ClCompile>
    <ClCompile Include="EngineInput.cpp">
      <Filter>03_Input</Filter>
    </ClCompile>
    <ClCompile Include="EngineWinDebug.cpp">
      <Filter>01_Debug</Filter>
    </ClCompile>
    <ClCompile Include="EngineWinImage.cpp">
      <Filter>04_Resource</Filter>
    </ClCompile>
    <ClCompile Include="EngineSound.cpp">
      <Filter>04_Resource</Filter>
    </ClCompile>
  </ItemGroup>
  <ItemGroup>
    <Filter Include="00_PreCompile">
      <UniqueIdentifier>{1de720ff-b01f-403f-a03f-24c8bedc876f}</UniqueIdentifier>
    </Filter>
    <Filter Include="01_Debug">
      <UniqueIdentifier>{1cdbcf3e-51f0-4b20-848e-61a2c60c7532}</UniqueIdentifier>
    </Filter>
    <Filter Include="02_Window">
      <UniqueIdentifier>{edcab772-a599-46f9-b9ca-2c2e8a2d9034}</UniqueIdentifier>
    </Filter>
    <Filter Include="03_Input">
      <UniqueIdentifier>{ec240fbb-f6ba-4ee6-a886-bd32b6aca8ea}</UniqueIdentifier>
    </Filter>
    <Filter Include="04_Resource">
      <UniqueIdentifier>{f5b37ea7-9130-4162-b710-9fc49d5fdcfe}</UniqueIdentifier>
    </Filter>
    <Filter Include="05_ThirdParty">
      <UniqueIdentifier>{e53509b7-4bb6-46cc-b5f1-30f05e60b54a}</UniqueIdentifier>
    </Filter>
    <Filter Include="05_ThirdParty\FMOD">
      <UniqueIdentifier>{5a7daac9-b895-45ca-9ec3-e6cd9ae03181}</UniqueIdentifier>
    </Filter>
    <Filter Include="05_ThirdParty\FMOD\Bin">
      <UniqueIdentifier>{3a5714b2-8454-4b04-9c28-22e1261b4f03}</UniqueIdentifier>
    </Filter>
    <Filter Include="05_ThirdParty\FMOD\Bin\Debug">
      <UniqueIdentifier>{c5b5a162-36ff-403c-96c0-412c771dae00}</UniqueIdentifier>
    </Filter>
    <Filter Include="05_ThirdParty\FMOD\Bin\Release">
      <UniqueIdentifier>{4cf90034-2f31-4125-959d-6611631e7087}</UniqueIdentifier>
    </Filter>
    <Filter Include="05_ThirdParty\FMOD\Inc">
      <UniqueIdentifier>{7d48005d-7701-41e0-95ac-cc6dd35a147a}</UniqueIdentifier>
    </Filter>
  </ItemGroup>
  <ItemGroup>
    <CopyFileToFolders Include="ThirdParty\FMOD\bin\Debug\fmodL.dll">
      <Filter>05_ThirdParty\FMOD\Bin\Debug</Filter>
    </CopyFileToFolders>
    <CopyFileToFolders Include="ThirdParty\FMOD\bin\Debug\fmodL_vc.lib">
      <Filter>05_ThirdParty\FMOD\Bin\Debug</Filter>
    </CopyFileToFolders>
    <CopyFileToFolders Include="ThirdParty\FMOD\bin\Release\fmod.dll">
      <Filter>05_ThirdParty\FMOD\Bin\Release</Filter>
    </CopyFileToFolders>
    <CopyFileToFolders Include="ThirdParty\FMOD\bin\Release\fmod_vc.lib">
      <Filter>05_ThirdParty\FMOD\Bin\Release</Filter>
    </CopyFileToFolders>
  </ItemGroup>
</Project>